{
  "version": 4,
  "terraform_version": "0.14.5",
  "serial": 6,
  "lineage": "a2386bef-8ee8-f648-fb03-958d8d83f338",
  "outputs": {},
  "resources": [
    {
      "mode": "managed",
      "type": "google_compute_global_address",
      "name": "private_ip_address",
      "provider": "provider[\"registry.terraform.io/hashicorp/google\"]",
      "instances": [
        {
          "schema_version": 0,
          "attributes": {
            "address": "10.82.0.0",
            "address_type": "INTERNAL",
            "creation_timestamp": "2021-04-08T15:03:48.003-07:00",
            "description": "",
            "id": "projects/probable-dream-310003/global/addresses/private-ip-address",
            "ip_version": "",
            "name": "private-ip-address",
            "network": "https://www.googleapis.com/compute/v1/projects/probable-dream-310003/global/networks/sca-network",
            "prefix_length": 16,
            "project": "probable-dream-310003",
            "purpose": "VPC_PEERING",
            "self_link": "https://www.googleapis.com/compute/v1/projects/probable-dream-310003/global/addresses/private-ip-address",
            "timeouts": null
          },
          "sensitive_attributes": [],
          "private": "eyJlMmJmYjczMC1lY2FhLTExZTYtOGY4OC0zNDM2M2JjN2M0YzAiOnsiY3JlYXRlIjoyNDAwMDAwMDAwMDAsImRlbGV0ZSI6MjQwMDAwMDAwMDAwfX0=",
          "dependencies": [
            "google_compute_network.vpc_network"
          ]
        }
      ]
    },
    {
      "mode": "managed",
      "type": "google_compute_network",
      "name": "vpc_network",
      "provider": "provider[\"registry.terraform.io/hashicorp/google\"]",
      "instances": [
        {
          "schema_version": 0,
          "attributes": {
            "auto_create_subnetworks": false,
            "delete_default_routes_on_create": false,
            "description": "",
            "gateway_ipv4": "",
            "id": "projects/probable-dream-310003/global/networks/sca-network",
            "mtu": 0,
            "name": "sca-network",
            "project": "probable-dream-310003",
            "routing_mode": "REGIONAL",
            "self_link": "https://www.googleapis.com/compute/v1/projects/probable-dream-310003/global/networks/sca-network",
            "timeouts": null
          },
          "sensitive_attributes": [],
          "private": "eyJlMmJmYjczMC1lY2FhLTExZTYtOGY4OC0zNDM2M2JjN2M0YzAiOnsiY3JlYXRlIjoyNDAwMDAwMDAwMDAsImRlbGV0ZSI6MjQwMDAwMDAwMDAwLCJ1cGRhdGUiOjI0MDAwMDAwMDAwMH19"
        }
      ]
    },
    {
      "mode": "managed",
      "type": "google_compute_subnetwork",
      "name": "private_subnet",
      "provider": "provider[\"registry.terraform.io/hashicorp/google\"]",
      "instances": [
        {
          "schema_version": 0,
          "attributes": {
            "creation_timestamp": "2021-04-08T15:03:48.745-07:00",
            "description": "",
            "fingerprint": null,
            "gateway_address": "10.2.0.1",
            "id": "projects/probable-dream-310003/regions/us-central1/subnetworks/private-subnetwork",
            "ip_cidr_range": "10.2.0.0/16",
            "log_config": [],
            "name": "private-subnetwork",
            "network": "https://www.googleapis.com/compute/v1/projects/probable-dream-310003/global/networks/sca-network",
            "private_ip_google_access": false,
            "private_ipv6_google_access": "DISABLE_GOOGLE_ACCESS",
            "project": "probable-dream-310003",
            "region": "us-central1",
            "secondary_ip_range": [
              {
                "ip_cidr_range": "192.168.10.0/24",
                "range_name": "tf-test-secondary-range-update1"
              }
            ],
            "self_link": "https://www.googleapis.com/compute/v1/projects/probable-dream-310003/regions/us-central1/subnetworks/private-subnetwork",
            "timeouts": null
          },
          "sensitive_attributes": [],
          "private": "eyJlMmJmYjczMC1lY2FhLTExZTYtOGY4OC0zNDM2M2JjN2M0YzAiOnsiY3JlYXRlIjozNjAwMDAwMDAwMDAsImRlbGV0ZSI6MzYwMDAwMDAwMDAwLCJ1cGRhdGUiOjM2MDAwMDAwMDAwMH19",
          "dependencies": [
            "google_compute_network.vpc_network"
          ]
        }
      ]
    },
    {
      "mode": "managed",
      "type": "google_service_networking_connection",
      "name": "private_vpc_connection",
      "provider": "provider[\"registry.terraform.io/hashicorp/google-beta\"]",
      "instances": [
        {
          "schema_version": 0,
          "attributes": {
            "id": "projects%2Fprobable-dream-310003%2Fglobal%2Fnetworks%2Fsca-network:servicenetworking.googleapis.com",
            "network": "projects/probable-dream-310003/global/networks/sca-network",
            "peering": "servicenetworking-googleapis-com",
            "reserved_peering_ranges": [
              "private-ip-address"
            ],
            "service": "servicenetworking.googleapis.com",
            "timeouts": null
          },
          "sensitive_attributes": [],
          "private": "eyJlMmJmYjczMC1lY2FhLTExZTYtOGY4OC0zNDM2M2JjN2M0YzAiOnsiY3JlYXRlIjo2MDAwMDAwMDAwMDAsImRlbGV0ZSI6NjAwMDAwMDAwMDAwLCJ1cGRhdGUiOjYwMDAwMDAwMDAwMH19",
          "dependencies": [
            "google_compute_global_address.private_ip_address",
            "google_compute_network.vpc_network"
          ]
        }
      ]
    },
    {
      "mode": "managed",
      "type": "google_sql_database_instance",
      "name": "instance",
      "provider": "provider[\"registry.terraform.io/hashicorp/google\"]",
      "instances": [
        {
          "schema_version": 0,
          "attributes": {
            "clone": [],
            "connection_name": "probable-dream-310003:europe-west1:private-instance-8a6e15d2",
            "database_version": "MYSQL_5_6",
            "deletion_protection": true,
            "first_ip_address": "35.190.200.0",
            "id": "private-instance-8a6e15d2",
            "ip_address": [
              {
                "ip_address": "35.190.200.0",
                "time_to_retire": "",
                "type": "PRIMARY"
              },
              {
                "ip_address": "10.82.0.3",
                "time_to_retire": "",
                "type": "PRIVATE"
              }
            ],
            "master_instance_name": "",
            "name": "private-instance-8a6e15d2",
            "private_ip_address": "10.82.0.3",
            "project": "probable-dream-310003",
            "public_ip_address": "35.190.200.0",
            "region": "europe-west1",
            "replica_configuration": [],
            "restore_backup_context": [],
            "root_password": null,
            "self_link": "https://sqladmin.googleapis.com/sql/v1beta4/projects/probable-dream-310003/instances/private-instance-8a6e15d2",
            "server_ca_cert": [
              {
                "cert": "-----BEGIN CERTIFICATE-----\nMIIDfzCCAmegAwIBAgIBADANBgkqhkiG9w0BAQsFADB3MS0wKwYDVQQuEyQyMWRi\nYWFmOC05YTdmLTQwMGYtOWFkNy0yNzQ4ZGJkOTAzMzExIzAhBgNVBAMTGkdvb2ds\nZSBDbG91ZCBTUUwgU2VydmVyIENBMRQwEgYDVQQKEwtHb29nbGUsIEluYzELMAkG\nA1UEBhMCVVMwHhcNMjEwNDA4MjIwOTAxWhcNMzEwNDA2MjIxMDAxWjB3MS0wKwYD\nVQQuEyQyMWRiYWFmOC05YTdmLTQwMGYtOWFkNy0yNzQ4ZGJkOTAzMzExIzAhBgNV\nBAMTGkdvb2dsZSBDbG91ZCBTUUwgU2VydmVyIENBMRQwEgYDVQQKEwtHb29nbGUs\nIEluYzELMAkGA1UEBhMCVVMwggEiMA0GCSqGSIb3DQEBAQUAA4IBDwAwggEKAoIB\nAQCzWsDiyjAazNOxOoW2Sc9HDBjS2950MvDZXCTbRI0H5r8CQV/YEOBmr5guozT0\n0blGQ2EFRFAeWv9Am5IbN9ZE4JcKtQhnW/8wHfMIQqt2LZvFCFrD0DdNqlV9nytK\ntV3IHf91ytmTVYhDkA4AXnxjaa/oOKCPfheBKkt5hanzk2xAwH51YkVMoGliC7Mr\nE4YfQprfQ7c8einz4DytkMSRZQO5RBu4Yn+4jQLMqsbOnPvdeC0ZPnVVWo5qh5es\nsQMUWnpYrcFemlsB2U9VKayUVD/84UA5mX7pkV4ORf0wMoBgClDYqVeV+TgzIVaP\n5KvAuZwYbD4ouaBESVdtp3lBAgMBAAGjFjAUMBIGA1UdEwEB/wQIMAYBAf8CAQAw\nDQYJKoZIhvcNAQELBQADggEBAEYJmW3Xf75FLV2Th4G6EMy38raNkKdAa7DYX1qG\n4idvwSLvvLfigEuSH9+6qOKceQZoLDv+5UBEalajfQk24dByVxiFNqEt5JOBujNi\neFa8efpk2GjCSeilG20PTygi/aWDkqoMZLwpmnPPCauFqjO6/OSvdoP1Q8pPFjfm\nguKbfLabnLFktu3R1tcDJnZP/+o9cIjJ2X87VKtYgyb1FXK854Pc9hg3aaxFV81f\n2pT5wXowYaPT+AdxsI2FFRoTYcfprwEWj5dJDAZO+oImkoYOCHhXNPhnIfh//OoG\nxjBdh6uDlZhw7oW9etQMCvgASkjm2/xjh6EkJDUBypNv8o4=\n-----END CERTIFICATE-----",
                "common_name": "C=US,O=Google\\, Inc,CN=Google Cloud SQL Server CA,dnQualifier=21dbaaf8-9a7f-400f-9ad7-2748dbd90331",
                "create_time": "2021-04-08T22:09:01.213Z",
                "expiration_time": "2031-04-06T22:10:01.213Z",
                "sha1_fingerprint": "18befdc276b4496a9705704da08f3fbdc912cbb4"
              }
            ],
            "service_account_email_address": "p552827169343-xnfw5r@gcp-sa-cloud-sql.iam.gserviceaccount.com",
            "settings": [
              {
                "activation_policy": "ALWAYS",
                "authorized_gae_applications": [],
                "availability_type": "ZONAL",
                "backup_configuration": [
                  {
                    "backup_retention_settings": [
                      {
                        "retained_backups": 7,
                        "retention_unit": "COUNT"
                      }
                    ],
                    "binary_log_enabled": false,
                    "enabled": false,
                    "location": "",
                    "point_in_time_recovery_enabled": false,
                    "start_time": "07:00",
                    "transaction_log_retention_days": 7
                  }
                ],
                "crash_safe_replication": false,
                "database_flags": [],
                "disk_autoresize": true,
                "disk_size": 10,
                "disk_type": "PD_SSD",
                "insights_config": [],
                "ip_configuration": [
                  {
                    "authorized_networks": [],
                    "ipv4_enabled": true,
                    "private_network": "projects/probable-dream-310003/global/networks/sca-network",
                    "require_ssl": false
                  }
                ],
                "location_preference": [
                  {
                    "follow_gae_application": "",
                    "zone": "europe-west1-d"
                  }
                ],
                "maintenance_window": [],
                "pricing_plan": "PER_USE",
                "replication_type": "SYNCHRONOUS",
                "tier": "db-f1-micro",
                "user_labels": {},
                "version": 1
              }
            ],
            "timeouts": null
          },
          "sensitive_attributes": [],
          "private": "eyJlMmJmYjczMC1lY2FhLTExZTYtOGY4OC0zNDM2M2JjN2M0YzAiOnsiY3JlYXRlIjoxODAwMDAwMDAwMDAwLCJkZWxldGUiOjE4MDAwMDAwMDAwMDAsInVwZGF0ZSI6MTgwMDAwMDAwMDAwMH19",
          "dependencies": [
            "google_compute_global_address.private_ip_address",
            "google_compute_network.vpc_network",
            "google_service_networking_connection.private_vpc_connection",
            "random_id.db_name_suffix"
          ]
        }
      ]
    },
    {
      "mode": "managed",
      "type": "random_id",
      "name": "db_name_suffix",
      "provider": "provider[\"registry.terraform.io/hashicorp/random\"]",
      "instances": [
        {
          "schema_version": 0,
          "attributes": {
            "b64_std": "im4V0g==",
            "b64_url": "im4V0g",
            "byte_length": 4,
            "dec": "2322470354",
            "hex": "8a6e15d2",
            "id": "im4V0g",
            "keepers": null,
            "prefix": null
          },
          "sensitive_attributes": [],
          "private": "bnVsbA=="
        }
      ]
    }
  ]
}
