{
  "version": 4,
  "terraform_version": "0.14.5",
  "serial": 12,
  "lineage": "a2386bef-8ee8-f648-fb03-958d8d83f338",
  "outputs": {},
  "resources": [
    {
      "mode": "managed",
      "type": "google_compute_global_address",
      "name": "private_ip_address",
      "provider": "provider[\"registry.terraform.io/hashicorp/google\"]",
      "instances": [
        {
          "schema_version": 0,
          "attributes": {
            "address": "10.82.0.0",
            "address_type": "INTERNAL",
            "creation_timestamp": "2021-04-08T15:03:48.003-07:00",
            "description": "",
            "id": "projects/probable-dream-310003/global/addresses/private-ip-address",
            "ip_version": "",
            "name": "private-ip-address",
            "network": "https://www.googleapis.com/compute/v1/projects/probable-dream-310003/global/networks/sca-network",
            "prefix_length": 16,
            "project": "probable-dream-310003",
            "purpose": "VPC_PEERING",
            "self_link": "https://www.googleapis.com/compute/v1/projects/probable-dream-310003/global/addresses/private-ip-address",
            "timeouts": null
          },
          "sensitive_attributes": [],
          "private": "eyJlMmJmYjczMC1lY2FhLTExZTYtOGY4OC0zNDM2M2JjN2M0YzAiOnsiY3JlYXRlIjoyNDAwMDAwMDAwMDAsImRlbGV0ZSI6MjQwMDAwMDAwMDAwfX0=",
          "dependencies": [
            "google_compute_network.vpc_network"
          ]
        }
      ]
    },
    {
      "mode": "managed",
      "type": "google_compute_network",
      "name": "vpc_network",
      "provider": "provider[\"registry.terraform.io/hashicorp/google\"]",
      "instances": [
        {
          "schema_version": 0,
          "attributes": {
            "auto_create_subnetworks": false,
            "delete_default_routes_on_create": false,
            "description": "",
            "gateway_ipv4": "",
            "id": "projects/probable-dream-310003/global/networks/sca-network",
            "mtu": 0,
            "name": "sca-network",
            "project": "probable-dream-310003",
            "routing_mode": "REGIONAL",
            "self_link": "https://www.googleapis.com/compute/v1/projects/probable-dream-310003/global/networks/sca-network",
            "timeouts": null
          },
          "sensitive_attributes": [],
          "private": "eyJlMmJmYjczMC1lY2FhLTExZTYtOGY4OC0zNDM2M2JjN2M0YzAiOnsiY3JlYXRlIjoyNDAwMDAwMDAwMDAsImRlbGV0ZSI6MjQwMDAwMDAwMDAwLCJ1cGRhdGUiOjI0MDAwMDAwMDAwMH19"
        }
      ]
    },
    {
      "mode": "managed",
      "type": "google_compute_subnetwork",
      "name": "private_subnet",
      "provider": "provider[\"registry.terraform.io/hashicorp/google\"]",
      "instances": [
        {
          "schema_version": 0,
          "attributes": {
            "creation_timestamp": "2021-04-08T15:40:58.517-07:00",
            "description": "",
            "fingerprint": null,
            "gateway_address": "10.2.0.1",
            "id": "projects/probable-dream-310003/regions/europe-west1/subnetworks/private-subnetwork",
            "ip_cidr_range": "10.2.0.0/16",
            "log_config": [],
            "name": "private-subnetwork",
            "network": "https://www.googleapis.com/compute/v1/projects/probable-dream-310003/global/networks/sca-network",
            "private_ip_google_access": false,
            "private_ipv6_google_access": "DISABLE_GOOGLE_ACCESS",
            "project": "probable-dream-310003",
            "region": "europe-west1",
            "secondary_ip_range": [
              {
                "ip_cidr_range": "192.168.10.0/24",
                "range_name": "tf-test-secondary-range-update1"
              }
            ],
            "self_link": "https://www.googleapis.com/compute/v1/projects/probable-dream-310003/regions/europe-west1/subnetworks/private-subnetwork",
            "timeouts": null
          },
          "sensitive_attributes": [],
          "private": "eyJlMmJmYjczMC1lY2FhLTExZTYtOGY4OC0zNDM2M2JjN2M0YzAiOnsiY3JlYXRlIjozNjAwMDAwMDAwMDAsImRlbGV0ZSI6MzYwMDAwMDAwMDAwLCJ1cGRhdGUiOjM2MDAwMDAwMDAwMH19",
          "dependencies": [
            "google_compute_network.vpc_network"
          ]
        }
      ]
    },
    {
      "mode": "managed",
      "type": "google_container_cluster",
      "name": "primary",
      "provider": "provider[\"registry.terraform.io/hashicorp/google\"]",
      "instances": [
        {
          "schema_version": 1,
          "attributes": {
            "addons_config": [
              {
                "cloudrun_config": [],
                "horizontal_pod_autoscaling": [],
                "http_load_balancing": [],
                "network_policy_config": [
                  {
                    "disabled": true
                  }
                ]
              }
            ],
            "authenticator_groups_config": [],
            "cluster_autoscaling": [
              {
                "auto_provisioning_defaults": [],
                "enabled": false,
                "resource_limits": []
              }
            ],
            "cluster_ipv4_cidr": "10.76.0.0/14",
            "database_encryption": [
              {
                "key_name": "",
                "state": "DECRYPTED"
              }
            ],
            "datapath_provider": "",
            "default_max_pods_per_node": null,
            "default_snat_status": [
              {
                "disabled": false
              }
            ],
            "description": "",
            "enable_autopilot": false,
            "enable_binary_authorization": false,
            "enable_intranode_visibility": false,
            "enable_kubernetes_alpha": false,
            "enable_legacy_abac": false,
            "enable_shielded_nodes": true,
            "enable_tpu": false,
            "endpoint": "34.78.116.255",
            "id": "projects/probable-dream-310003/locations/europe-west1-c/clusters/marcellus-wallace",
            "initial_node_count": 3,
            "instance_group_urls": [
              "https://www.googleapis.com/compute/v1/projects/probable-dream-310003/zones/europe-west1-c/instanceGroups/gke-marcellus-wallace-default-pool-3857ddd0-grp"
            ],
            "ip_allocation_policy": [],
            "label_fingerprint": "a9dc16a7",
            "location": "europe-west1-c",
            "logging_service": "logging.googleapis.com/kubernetes",
            "maintenance_policy": [],
            "master_auth": [
              {
                "client_certificate": "",
                "client_certificate_config": [
                  {
                    "issue_client_certificate": false
                  }
                ],
                "client_key": "",
                "cluster_ca_certificate": "LS0tLS1CRUdJTiBDRVJUSUZJQ0FURS0tLS0tCk1JSURLakNDQWhLZ0F3SUJBZ0lRVmtGSHA4eE9iVEVYcmJRc3RRZ0JCVEFOQmdrcWhraUc5dzBCQVFzRkFEQXYKTVMwd0t3WURWUVFERXlRd016YzVZamswTnkxak1tWmhMVFF4TmpjdFltWTFNUzB4TURreE9USmpZelZpT0dRdwpIaGNOTWpFd05EQTVNRFUwTXpVeldoY05Nall3TkRBNE1EWTBNelV6V2pBdk1TMHdLd1lEVlFRREV5UXdNemM1CllqazBOeTFqTW1aaExUUXhOamN0WW1ZMU1TMHhNRGt4T1RKall6VmlPR1F3Z2dFaU1BMEdDU3FHU0liM0RRRUIKQVFVQUE0SUJEd0F3Z2dFS0FvSUJBUUM2RDRNV09WckxZeHQ4MHJhRnlXS1Ezb0dDU3d6eTVyZ1o2SnRCZjhuQQpVRDhyQ2pzeGhVY3BaSHFjbW5TU0R0bS9ISXo2Y0o4bEtEaDFxeFIvamk5N09kMUh1T0I4SThrSFMzWFNsSW9aCjAzQzROMlozU0h4REVYQnhHaGNOYm1XN3FvNGl4bnBGYXFzb3lrWXVpVlZrSGlKendXTDJNU3dFZGd4SEZUcDEKb01GWVJRZjJiZEFoK3FsQno2b2tBdHp0MU01VkZWby8weTY0VGM4c1Q4S3hTVlg2RU1VdUtJQjltd2pCaU8yWgpOUkRRL0FoeGs4ZEtseExxbFl2R0tLQkRoQ3h0cWgyZGFzbGdDazgyMEYydndjSFpkR3Z0YURnWjFjbi9oaGFZCmJDc2hyV0E0cmNRR0dUVDIwMUo5VEdVeHF1NkJBaXo5ZzRRSXZJWHRNWTV2QWdNQkFBR2pRakJBTUE0R0ExVWQKRHdFQi93UUVBd0lDQkRBUEJnTlZIUk1CQWY4RUJUQURBUUgvTUIwR0ExVWREZ1FXQkJUR3R0RXZpQ0FFSWRwRQo5dHg4RFNrUXk4ZU1PekFOQmdrcWhraUc5dzBCQVFzRkFBT0NBUUVBWnJVT3FOdFBZYVJyVFhBODlLSHJkQXpBCnlxaDhZK1JwMDVhN0RxSVcrUld3YklpNHVoRzQwUUdMN1lTT0loK1dqRk96ZGNRQ1V6bklMN2c2bWdDMTR1MFAKTmpBdkpvQSt5aHltL3hLQU9DOGlqdFpIcHVnRUZUYUFVaXBGTEVjOVdaZFBYODAyNFhxektIdE5NQVF0NmVHZApJNkg4VVlCMk91V2Vqam1oSEdPTnpyUXdobmdtTnVtakhzOFpwaUNwaFNQU0ZaNVFjQVlkVjJlZU9qMUtKeG9nCk9keThONlpGUU1uOHZYS2lZbUZMbjFFcVNWejhvS09ERjVjQy8yRzF6TFYxV3RnZ2orSVJkWU1RRzF1K0JMMEIKeWxFNzBXVXhSYSs0U1FqUTgveEthazZJQzROSTZUK2l0OWdQVURIRWNWUDNIQXdyczRrQTA3RXhMVVUyWlE9PQotLS0tLUVORCBDRVJUSUZJQ0FURS0tLS0tCg==",
                "password": "",
                "username": ""
              }
            ],
            "master_authorized_networks_config": [],
            "master_version": "1.18.16-gke.502",
            "min_master_version": null,
            "monitoring_service": "monitoring.googleapis.com/kubernetes",
            "name": "marcellus-wallace",
            "network": "projects/probable-dream-310003/global/networks/default",
            "network_policy": [
              {
                "enabled": false,
                "provider": "PROVIDER_UNSPECIFIED"
              }
            ],
            "networking_mode": "ROUTES",
            "node_config": [
              {
                "disk_size_gb": 100,
                "disk_type": "pd-standard",
                "guest_accelerator": [],
                "image_type": "COS",
                "labels": {},
                "local_ssd_count": 0,
                "machine_type": "e2-medium",
                "metadata": {
                  "disable-legacy-endpoints": "true"
                },
                "min_cpu_platform": "",
                "oauth_scopes": [
                  "https://www.googleapis.com/auth/cloud-platform"
                ],
                "preemptible": false,
                "service_account": "service-account-id@probable-dream-310003.iam.gserviceaccount.com",
                "shielded_instance_config": [
                  {
                    "enable_integrity_monitoring": true,
                    "enable_secure_boot": false
                  }
                ],
                "tags": null,
                "taint": [],
                "workload_metadata_config": []
              }
            ],
            "node_locations": [],
            "node_pool": [
              {
                "autoscaling": [],
                "initial_node_count": 3,
                "instance_group_urls": [
                  "https://www.googleapis.com/compute/v1/projects/probable-dream-310003/zones/europe-west1-c/instanceGroupManagers/gke-marcellus-wallace-default-pool-3857ddd0-grp"
                ],
                "management": [
                  {
                    "auto_repair": true,
                    "auto_upgrade": true
                  }
                ],
                "max_pods_per_node": 0,
                "name": "default-pool",
                "name_prefix": "",
                "node_config": [
                  {
                    "disk_size_gb": 100,
                    "disk_type": "pd-standard",
                    "guest_accelerator": [],
                    "image_type": "COS",
                    "labels": {},
                    "local_ssd_count": 0,
                    "machine_type": "e2-medium",
                    "metadata": {
                      "disable-legacy-endpoints": "true"
                    },
                    "min_cpu_platform": "",
                    "oauth_scopes": [
                      "https://www.googleapis.com/auth/cloud-platform"
                    ],
                    "preemptible": false,
                    "service_account": "service-account-id@probable-dream-310003.iam.gserviceaccount.com",
                    "shielded_instance_config": [
                      {
                        "enable_integrity_monitoring": true,
                        "enable_secure_boot": false
                      }
                    ],
                    "tags": [],
                    "taint": [],
                    "workload_metadata_config": []
                  }
                ],
                "node_count": 3,
                "node_locations": [
                  "europe-west1-c"
                ],
                "upgrade_settings": [
                  {
                    "max_surge": 1,
                    "max_unavailable": 0
                  }
                ],
                "version": "1.18.16-gke.502"
              }
            ],
            "node_version": "1.18.16-gke.502",
            "operation": null,
            "pod_security_policy_config": [],
            "private_cluster_config": [],
            "private_ipv6_google_access": "",
            "project": "probable-dream-310003",
            "release_channel": [
              {
                "channel": "REGULAR"
              }
            ],
            "remove_default_node_pool": null,
            "resource_labels": null,
            "resource_usage_export_config": [],
            "self_link": "https://container.googleapis.com/v1beta1/projects/probable-dream-310003/zones/europe-west1-c/clusters/marcellus-wallace",
            "services_ipv4_cidr": "10.79.240.0/20",
            "subnetwork": "projects/probable-dream-310003/regions/europe-west1/subnetworks/default",
            "timeouts": {
              "create": "30m",
              "delete": null,
              "read": null,
              "update": "40m"
            },
            "tpu_ipv4_cidr_block": "",
            "vertical_pod_autoscaling": [],
            "workload_identity_config": []
          },
          "sensitive_attributes": [],
          "private": "eyJlMmJmYjczMC1lY2FhLTExZTYtOGY4OC0zNDM2M2JjN2M0YzAiOnsiY3JlYXRlIjoxODAwMDAwMDAwMDAwLCJkZWxldGUiOjI0MDAwMDAwMDAwMDAsInJlYWQiOjI0MDAwMDAwMDAwMDAsInVwZGF0ZSI6MjQwMDAwMDAwMDAwMH0sInNjaGVtYV92ZXJzaW9uIjoiMSJ9",
          "dependencies": [
            "google_service_account.default"
          ]
        }
      ]
    },
    {
      "mode": "managed",
      "type": "google_service_account",
      "name": "default",
      "provider": "provider[\"registry.terraform.io/hashicorp/google\"]",
      "instances": [
        {
          "schema_version": 0,
          "attributes": {
            "account_id": "service-account-id",
            "description": "",
            "display_name": "Service Account",
            "email": "service-account-id@probable-dream-310003.iam.gserviceaccount.com",
            "id": "projects/probable-dream-310003/serviceAccounts/service-account-id@probable-dream-310003.iam.gserviceaccount.com",
            "name": "projects/probable-dream-310003/serviceAccounts/service-account-id@probable-dream-310003.iam.gserviceaccount.com",
            "project": "probable-dream-310003",
            "timeouts": null,
            "unique_id": "102738319692353471788"
          },
          "sensitive_attributes": [],
          "private": "eyJlMmJmYjczMC1lY2FhLTExZTYtOGY4OC0zNDM2M2JjN2M0YzAiOnsiY3JlYXRlIjozMDAwMDAwMDAwMDB9fQ=="
        }
      ]
    },
    {
      "mode": "managed",
      "type": "google_service_networking_connection",
      "name": "private_vpc_connection",
      "provider": "provider[\"registry.terraform.io/hashicorp/google-beta\"]",
      "instances": [
        {
          "schema_version": 0,
          "attributes": {
            "id": "projects%2Fprobable-dream-310003%2Fglobal%2Fnetworks%2Fsca-network:servicenetworking.googleapis.com",
            "network": "projects/probable-dream-310003/global/networks/sca-network",
            "peering": "servicenetworking-googleapis-com",
            "reserved_peering_ranges": [
              "private-ip-address"
            ],
            "service": "servicenetworking.googleapis.com",
            "timeouts": null
          },
          "sensitive_attributes": [],
          "private": "eyJlMmJmYjczMC1lY2FhLTExZTYtOGY4OC0zNDM2M2JjN2M0YzAiOnsiY3JlYXRlIjo2MDAwMDAwMDAwMDAsImRlbGV0ZSI6NjAwMDAwMDAwMDAwLCJ1cGRhdGUiOjYwMDAwMDAwMDAwMH19",
          "dependencies": [
            "google_compute_global_address.private_ip_address",
            "google_compute_network.vpc_network"
          ]
        }
      ]
    },
    {
      "mode": "managed",
      "type": "google_sql_database_instance",
      "name": "instance",
      "provider": "provider[\"registry.terraform.io/hashicorp/google\"]",
      "instances": [
        {
          "schema_version": 0,
          "attributes": {
            "clone": [],
            "connection_name": "probable-dream-310003:europe-west1:private-instance-8a6e15d2",
            "database_version": "MYSQL_5_6",
            "deletion_protection": true,
            "first_ip_address": "35.190.200.0",
            "id": "private-instance-8a6e15d2",
            "ip_address": [
              {
                "ip_address": "35.190.200.0",
                "time_to_retire": "",
                "type": "PRIMARY"
              },
              {
                "ip_address": "10.82.0.3",
                "time_to_retire": "",
                "type": "PRIVATE"
              }
            ],
            "master_instance_name": "",
            "name": "private-instance-8a6e15d2",
            "private_ip_address": "10.82.0.3",
            "project": "probable-dream-310003",
            "public_ip_address": "35.190.200.0",
            "region": "europe-west1",
            "replica_configuration": [],
            "restore_backup_context": [],
            "root_password": null,
            "self_link": "https://sqladmin.googleapis.com/sql/v1beta4/projects/probable-dream-310003/instances/private-instance-8a6e15d2",
            "server_ca_cert": [
              {
                "cert": "-----BEGIN CERTIFICATE-----\nMIIDfzCCAmegAwIBAgIBADANBgkqhkiG9w0BAQsFADB3MS0wKwYDVQQuEyQyMWRi\nYWFmOC05YTdmLTQwMGYtOWFkNy0yNzQ4ZGJkOTAzMzExIzAhBgNVBAMTGkdvb2ds\nZSBDbG91ZCBTUUwgU2VydmVyIENBMRQwEgYDVQQKEwtHb29nbGUsIEluYzELMAkG\nA1UEBhMCVVMwHhcNMjEwNDA4MjIwOTAxWhcNMzEwNDA2MjIxMDAxWjB3MS0wKwYD\nVQQuEyQyMWRiYWFmOC05YTdmLTQwMGYtOWFkNy0yNzQ4ZGJkOTAzMzExIzAhBgNV\nBAMTGkdvb2dsZSBDbG91ZCBTUUwgU2VydmVyIENBMRQwEgYDVQQKEwtHb29nbGUs\nIEluYzELMAkGA1UEBhMCVVMwggEiMA0GCSqGSIb3DQEBAQUAA4IBDwAwggEKAoIB\nAQCzWsDiyjAazNOxOoW2Sc9HDBjS2950MvDZXCTbRI0H5r8CQV/YEOBmr5guozT0\n0blGQ2EFRFAeWv9Am5IbN9ZE4JcKtQhnW/8wHfMIQqt2LZvFCFrD0DdNqlV9nytK\ntV3IHf91ytmTVYhDkA4AXnxjaa/oOKCPfheBKkt5hanzk2xAwH51YkVMoGliC7Mr\nE4YfQprfQ7c8einz4DytkMSRZQO5RBu4Yn+4jQLMqsbOnPvdeC0ZPnVVWo5qh5es\nsQMUWnpYrcFemlsB2U9VKayUVD/84UA5mX7pkV4ORf0wMoBgClDYqVeV+TgzIVaP\n5KvAuZwYbD4ouaBESVdtp3lBAgMBAAGjFjAUMBIGA1UdEwEB/wQIMAYBAf8CAQAw\nDQYJKoZIhvcNAQELBQADggEBAEYJmW3Xf75FLV2Th4G6EMy38raNkKdAa7DYX1qG\n4idvwSLvvLfigEuSH9+6qOKceQZoLDv+5UBEalajfQk24dByVxiFNqEt5JOBujNi\neFa8efpk2GjCSeilG20PTygi/aWDkqoMZLwpmnPPCauFqjO6/OSvdoP1Q8pPFjfm\nguKbfLabnLFktu3R1tcDJnZP/+o9cIjJ2X87VKtYgyb1FXK854Pc9hg3aaxFV81f\n2pT5wXowYaPT+AdxsI2FFRoTYcfprwEWj5dJDAZO+oImkoYOCHhXNPhnIfh//OoG\nxjBdh6uDlZhw7oW9etQMCvgASkjm2/xjh6EkJDUBypNv8o4=\n-----END CERTIFICATE-----",
                "common_name": "C=US,O=Google\\, Inc,CN=Google Cloud SQL Server CA,dnQualifier=21dbaaf8-9a7f-400f-9ad7-2748dbd90331",
                "create_time": "2021-04-08T22:09:01.213Z",
                "expiration_time": "2031-04-06T22:10:01.213Z",
                "sha1_fingerprint": "18befdc276b4496a9705704da08f3fbdc912cbb4"
              }
            ],
            "service_account_email_address": "p552827169343-xnfw5r@gcp-sa-cloud-sql.iam.gserviceaccount.com",
            "settings": [
              {
                "activation_policy": "ALWAYS",
                "authorized_gae_applications": [],
                "availability_type": "ZONAL",
                "backup_configuration": [
                  {
                    "backup_retention_settings": [
                      {
                        "retained_backups": 7,
                        "retention_unit": "COUNT"
                      }
                    ],
                    "binary_log_enabled": false,
                    "enabled": false,
                    "location": "",
                    "point_in_time_recovery_enabled": false,
                    "start_time": "07:00",
                    "transaction_log_retention_days": 7
                  }
                ],
                "crash_safe_replication": false,
                "database_flags": [],
                "disk_autoresize": true,
                "disk_size": 10,
                "disk_type": "PD_SSD",
                "insights_config": [],
                "ip_configuration": [
                  {
                    "authorized_networks": [],
                    "ipv4_enabled": true,
                    "private_network": "projects/probable-dream-310003/global/networks/sca-network",
                    "require_ssl": false
                  }
                ],
                "location_preference": [
                  {
                    "follow_gae_application": "",
                    "zone": "europe-west1-d"
                  }
                ],
                "maintenance_window": [],
                "pricing_plan": "PER_USE",
                "replication_type": "SYNCHRONOUS",
                "tier": "db-f1-micro",
                "user_labels": {},
                "version": 1
              }
            ],
            "timeouts": null
          },
          "sensitive_attributes": [],
          "private": "eyJlMmJmYjczMC1lY2FhLTExZTYtOGY4OC0zNDM2M2JjN2M0YzAiOnsiY3JlYXRlIjoxODAwMDAwMDAwMDAwLCJkZWxldGUiOjE4MDAwMDAwMDAwMDAsInVwZGF0ZSI6MTgwMDAwMDAwMDAwMH19",
          "dependencies": [
            "google_compute_global_address.private_ip_address",
            "google_compute_network.vpc_network",
            "google_service_networking_connection.private_vpc_connection",
            "random_id.db_name_suffix"
          ]
        }
      ]
    },
    {
      "mode": "managed",
      "type": "random_id",
      "name": "db_name_suffix",
      "provider": "provider[\"registry.terraform.io/hashicorp/random\"]",
      "instances": [
        {
          "schema_version": 0,
          "attributes": {
            "b64_std": "im4V0g==",
            "b64_url": "im4V0g",
            "byte_length": 4,
            "dec": "2322470354",
            "hex": "8a6e15d2",
            "id": "im4V0g",
            "keepers": null,
            "prefix": null
          },
          "sensitive_attributes": [],
          "private": "bnVsbA=="
        }
      ]
    }
  ]
}
